
Microsoft Visual Studio Solution File, Format Version 12.00
# Visual Studio Version 17
VisualStudioVersion = 17.14.36310.24
MinimumVisualStudioVersion = 10.0.40219.1
Project("{FAE04EC0-301F-11D3-BF4B-00C04F79EFBC}") = "SEMANA 1", "SEMANA 1\SEMANA 1.csproj", "{794B0CA3-16AC-4080-BB33-D37CF531FC3F}"
EndProject
Project("{888888A0-9F3D-457C-B088-3A5042F75D52}") = "Semana1_python", "Semana1_python\Semana1_python.pyproj", "{D0AE82EB-9789-4C49-BB21-00C802C20245}"
EndProject
Project("{FAE04EC0-301F-11D3-BF4B-00C04F79EFBC}") = "SEMANA4_C#", "SEMANA4_C#\SEMANA4_C#.csproj", "{94BCF212-F2C6-484C-BCE9-73384A13BA89}"
EndProject
Project("{888888A0-9F3D-457C-B088-3A5042F75D52}") = "Semana5_PY", "Semana5_PY\Semana5_PY.pyproj", "{D93762D1-830D-4216-8728-E3E776CB1C3F}"
EndProject
Project("{FAE04EC0-301F-11D3-BF4B-00C04F79EFBC}") = "Semana_5C", "Semana_5C\Semana_5C.csproj", "{A9636363-0C3D-473D-9794-A5DB62FAFDAF}"
EndProject
Project("{888888A0-9F3D-457C-B088-3A5042F75D52}") = "Semana6_py", "Semana6_py\Semana6_py.pyproj", "{5EBA12C0-EEF7-40A4-BF17-055C0FDA99CD}"
EndProject
Global
	GlobalSection(SolutionConfigurationPlatforms) = preSolution
		Debug|Any CPU = Debug|Any CPU
		Release|Any CPU = Release|Any CPU
	EndGlobalSection
	GlobalSection(ProjectConfigurationPlatforms) = postSolution
		{794B0CA3-16AC-4080-BB33-D37CF531FC3F}.Debug|Any CPU.ActiveCfg = Debug|Any CPU
		{794B0CA3-16AC-4080-BB33-D37CF531FC3F}.Debug|Any CPU.Build.0 = Debug|Any CPU
		{794B0CA3-16AC-4080-BB33-D37CF531FC3F}.Release|Any CPU.ActiveCfg = Release|Any CPU
		{794B0CA3-16AC-4080-BB33-D37CF531FC3F}.Release|Any CPU.Build.0 = Release|Any CPU
		{D0AE82EB-9789-4C49-BB21-00C802C20245}.Debug|Any CPU.ActiveCfg = Debug|Any CPU
		{D0AE82EB-9789-4C49-BB21-00C802C20245}.Release|Any CPU.ActiveCfg = Release|Any CPU
		{94BCF212-F2C6-484C-BCE9-73384A13BA89}.Debug|Any CPU.ActiveCfg = Debug|Any CPU
		{94BCF212-F2C6-484C-BCE9-73384A13BA89}.Debug|Any CPU.Build.0 = Debug|Any CPU
		{94BCF212-F2C6-484C-BCE9-73384A13BA89}.Release|Any CPU.ActiveCfg = Release|Any CPU
		{94BCF212-F2C6-484C-BCE9-73384A13BA89}.Release|Any CPU.Build.0 = Release|Any CPU
		{D93762D1-830D-4216-8728-E3E776CB1C3F}.Debug|Any CPU.ActiveCfg = Debug|Any CPU
		{D93762D1-830D-4216-8728-E3E776CB1C3F}.Release|Any CPU.ActiveCfg = Release|Any CPU
		{A9636363-0C3D-473D-9794-A5DB62FAFDAF}.Debug|Any CPU.ActiveCfg = Debug|Any CPU
		{A9636363-0C3D-473D-9794-A5DB62FAFDAF}.Debug|Any CPU.Build.0 = Debug|Any CPU
		{A9636363-0C3D-473D-9794-A5DB62FAFDAF}.Release|Any CPU.ActiveCfg = Release|Any CPU
		{A9636363-0C3D-473D-9794-A5DB62FAFDAF}.Release|Any CPU.Build.0 = Release|Any CPU
		{5EBA12C0-EEF7-40A4-BF17-055C0FDA99CD}.Debug|Any CPU.ActiveCfg = Debug|Any CPU
		{5EBA12C0-EEF7-40A4-BF17-055C0FDA99CD}.Release|Any CPU.ActiveCfg = Release|Any CPU
	EndGlobalSection
	GlobalSection(SolutionProperties) = preSolution
		HideSolutionNode = FALSE
	EndGlobalSection
	GlobalSection(ExtensibilityGlobals) = postSolution
		SolutionGuid = {55E8135E-E9B7-43EF-A0CC-1509BC173DB5}
	EndGlobalSection
EndGlobal
